# generated by rye
# use `rye lock` or `rye sync` to update this lockfile
#
# last locked with the following flags:
#   pre: false
#   features: []
#   all-features: false
#   with-sources: false
#   generate-hashes: false
#   universal: false

-e file:.
aiohttp==3.9.3
    # via codeboxapi
    # via langchain
    # via langchain-community
aiosignal==1.3.1
    # via aiohttp
annotated-types==0.6.0
    # via pydantic
anthropic==0.34.2
    # via langchain-anthropic
anyio==4.3.0
    # via anthropic
    # via httpx
    # via sse-starlette
    # via starlette
attrs==23.2.0
    # via aiohttp
cachetools==5.5.0
    # via google-auth
certifi==2024.2.2
    # via httpcore
    # via httpx
    # via requests
charset-normalizer==3.3.2
    # via requests
click==8.1.7
    # via typer
    # via uvicorn
codeboxapi==0.1.19
    # via codeinterpreterapi
colorama==0.4.6
    # via typer
dataclasses-json==0.6.4
    # via langchain-community
defusedxml==0.7.1
    # via langchain-anthropic
distro==1.9.0
    # via anthropic
fastapi==0.115.0
    # via langserve
    # via sse-starlette
filelock==3.16.1
    # via huggingface-hub
frozenlist==1.4.1
    # via aiohttp
    # via aiosignal
fsspec==2024.9.0
    # via huggingface-hub
gitdb==4.0.11
    # via gitpython
gitpython==3.1.43
    # via langchain-cli
google-ai-generativelanguage==0.6.6
    # via google-generativeai
google-api-core==2.20.0
    # via google-ai-generativelanguage
    # via google-api-python-client
    # via google-generativeai
google-api-python-client==2.146.0
    # via google-generativeai
google-auth==2.35.0
    # via google-ai-generativelanguage
    # via google-api-core
    # via google-api-python-client
    # via google-auth-httplib2
    # via google-generativeai
google-auth-httplib2==0.2.0
    # via google-api-python-client
google-generativeai==0.7.2
    # via langchain-google-genai
googleapis-common-protos==1.65.0
    # via google-api-core
    # via grpcio-status
greenlet==3.1.1
    # via sqlalchemy
gritql==0.1.4
    # via langchain-cli
grpcio==1.66.1
    # via google-api-core
    # via grpcio-status
grpcio-status==1.62.3
    # via google-api-core
h11==0.14.0
    # via httpcore
    # via uvicorn
httpcore==1.0.5
    # via httpx
httplib2==0.22.0
    # via google-api-python-client
    # via google-auth-httplib2
httpx==0.27.0
    # via anthropic
    # via langserve
    # via langsmith
huggingface-hub==0.25.0
    # via tokenizers
idna==3.6
    # via anyio
    # via httpx
    # via requests
    # via yarl
invoke==2.2.0
    # via codeinterpreterapi
jiter==0.5.0
    # via anthropic
jsonpatch==1.33
    # via langchain-core
jsonpointer==2.4
    # via jsonpatch
langchain==0.3.0
    # via codeinterpreterapi
    # via langchain-community
langchain-anthropic==0.2.1
    # via codeinterpreterapi
langchain-cli==0.0.31
    # via codeinterpreterapi
langchain-community==0.3.0
    # via codeinterpreterapi
    # via langchain-experimental
langchain-core==0.3.5
    # via codeinterpreterapi
    # via langchain
    # via langchain-anthropic
    # via langchain-community
    # via langchain-experimental
    # via langchain-google-genai
    # via langchain-text-splitters
    # via langserve
langchain-experimental==0.3.0
    # via codeinterpreterapi
langchain-google-genai==2.0.0
    # via codeinterpreterapi
langchain-text-splitters==0.3.0
    # via langchain
langserve==0.3.0
    # via langchain-cli
langsmith==0.1.125
    # via langchain
    # via langchain-community
    # via langchain-core
markdown-it-py==3.0.0
    # via rich
marshmallow==3.21.1
    # via dataclasses-json
mdurl==0.1.2
    # via markdown-it-py
multidict==6.0.5
    # via aiohttp
    # via yarl
mypy-extensions==1.0.0
    # via typing-inspect
numpy==1.26.4
    # via langchain
    # via langchain-community
orjson==3.10.0
    # via langserve
    # via langsmith
packaging==23.2
    # via huggingface-hub
    # via langchain-core
    # via marshmallow
proto-plus==1.24.0
    # via google-ai-generativelanguage
    # via google-api-core
protobuf==4.25.5
    # via google-ai-generativelanguage
    # via google-api-core
    # via google-generativeai
    # via googleapis-common-protos
    # via grpcio-status
    # via proto-plus
pyasn1==0.6.1
    # via pyasn1-modules
    # via rsa
pyasn1-modules==0.4.1
    # via google-auth
pydantic==2.9.2
    # via anthropic
    # via codeboxapi
    # via fastapi
    # via google-generativeai
    # via langchain
    # via langchain-anthropic
    # via langchain-core
    # via langchain-google-genai
    # via langserve
    # via langsmith
    # via pydantic-settings
pydantic-core==2.23.4
    # via pydantic
pydantic-settings==2.5.2
    # via codeboxapi
    # via langchain-community
pygments==2.18.0
    # via rich
pyparsing==3.1.4
    # via httplib2
python-dotenv==1.0.1
    # via pydantic-settings
pyyaml==6.0.1
    # via huggingface-hub
    # via langchain
    # via langchain-community
    # via langchain-core
pyzmq==25.1.2
    # via codeinterpreterapi
requests==2.31.0
    # via codeboxapi
    # via google-api-core
    # via huggingface-hub
    # via langchain
    # via langchain-community
    # via langsmith
rich==13.8.1
    # via typer
rsa==4.9
    # via google-auth
shellingham==1.5.4
    # via typer
smmap==5.0.1
    # via gitdb
sniffio==1.3.1
    # via anthropic
    # via anyio
    # via httpx
sqlalchemy==2.0.29
    # via langchain
    # via langchain-community
sse-starlette==1.8.2
    # via langserve
starlette==0.38.5
    # via fastapi
    # via sse-starlette
tenacity==8.2.3
    # via langchain
    # via langchain-community
    # via langchain-core
tokenizers==0.20.0
    # via anthropic
tomlkit==0.12.5
    # via langchain-cli
tqdm==4.66.2
    # via google-generativeai
    # via huggingface-hub
typer==0.9.4
    # via langchain-cli
typing-extensions==4.11.0
    # via anthropic
    # via fastapi
    # via google-generativeai
    # via huggingface-hub
    # via langchain-core
    # via pydantic
    # via pydantic-core
    # via sqlalchemy
    # via typer
    # via typing-inspect
typing-inspect==0.9.0
    # via dataclasses-json
uritemplate==4.1.1
    # via google-api-python-client
urllib3==2.2.1
    # via requests
uvicorn==0.23.2
    # via langchain-cli
    # via sse-starlette
websockets==12.0
    # via codeboxapi
yarl==1.9.4
    # via aiohttp
