# generated by rye
# use `rye lock` or `rye sync` to update this lockfile
#
# last locked with the following flags:
#   pre: false
#   features: []
#   all-features: false
#   with-sources: false
#   generate-hashes: false
#   universal: false

-e file:.
aiohttp==3.9.3
    # via codeboxapi
    # via langchain
    # via langchain-community
aiosignal==1.3.1
    # via aiohttp
altair==5.3.0
    # via streamlit
annotated-types==0.6.0
    # via pydantic
anthropic==0.34.2
    # via langchain-anthropic
anyio==4.3.0
    # via anthropic
    # via httpx
    # via jupyter-server
    # via sse-starlette
    # via starlette
argon2-cffi==23.1.0
    # via jupyter-server
    # via nbclassic
    # via notebook
argon2-cffi-bindings==21.2.0
    # via argon2-cffi
arrow==1.3.0
    # via isoduration
asttokens==2.4.1
    # via stack-data
attrs==23.2.0
    # via aiohttp
    # via jsonschema
    # via referencing
babel==2.14.0
    # via mkdocs-material
beautifulsoup4==4.12.3
    # via nbconvert
bleach==6.1.0
    # via nbconvert
blinker==1.7.0
    # via streamlit
cachetools==5.3.3
    # via google-auth
    # via streamlit
certifi==2024.2.2
    # via httpcore
    # via httpx
    # via requests
cffi==1.16.0
    # via argon2-cffi-bindings
cfgv==3.4.0
    # via pre-commit
charset-normalizer==3.3.2
    # via requests
click==8.1.7
    # via mkdocs
    # via streamlit
    # via typer
    # via uvicorn
codeboxapi==0.1.19
    # via codeinterpreterapi
colorama==0.4.6
    # via mkdocs-material
    # via typer
comm==0.2.2
    # via ipykernel
dataclasses-json==0.6.4
    # via langchain-community
debugpy==1.8.1
    # via ipykernel
decorator==5.1.1
    # via ipython
defusedxml==0.7.1
    # via langchain-anthropic
    # via nbconvert
distlib==0.3.8
    # via virtualenv
distro==1.9.0
    # via anthropic
entrypoints==0.4
    # via jupyter-client
executing==2.0.1
    # via stack-data
fastapi==0.115.0
    # via langserve
    # via sse-starlette
fastjsonschema==2.19.1
    # via nbformat
filelock==3.13.4
    # via huggingface-hub
    # via virtualenv
fqdn==1.5.1
    # via jsonschema
frozenlist==1.4.1
    # via aiohttp
    # via aiosignal
fsspec==2024.9.0
    # via huggingface-hub
ghp-import==2.1.0
    # via mkdocs
gitdb==4.0.11
    # via gitpython
gitpython==3.1.43
    # via langchain-cli
    # via streamlit
google-ai-generativelanguage==0.6.6
    # via google-generativeai
google-api-core==2.20.0
    # via google-ai-generativelanguage
    # via google-api-python-client
    # via google-generativeai
google-api-python-client==2.146.0
    # via google-generativeai
google-auth==2.35.0
    # via google-ai-generativelanguage
    # via google-api-core
    # via google-api-python-client
    # via google-auth-httplib2
    # via google-generativeai
google-auth-httplib2==0.2.0
    # via google-api-python-client
google-generativeai==0.7.2
    # via langchain-google-genai
googleapis-common-protos==1.65.0
    # via google-api-core
    # via grpcio-status
greenlet==3.1.1
    # via sqlalchemy
gritql==0.1.4
    # via langchain-cli
grpcio==1.66.1
    # via google-api-core
    # via grpcio-status
grpcio-status==1.62.3
    # via google-api-core
h11==0.14.0
    # via httpcore
    # via uvicorn
httpcore==1.0.5
    # via httpx
httplib2==0.22.0
    # via google-api-python-client
    # via google-auth-httplib2
httpx==0.27.0
    # via anthropic
    # via langserve
    # via langsmith
huggingface-hub==0.25.0
    # via tokenizers
identify==2.5.35
    # via pre-commit
idna==3.6
    # via anyio
    # via httpx
    # via jsonschema
    # via requests
    # via yarl
iniconfig==2.0.0
    # via pytest
invoke==2.2.0
    # via codeinterpreterapi
ipykernel==6.29.4
    # via nbclassic
    # via notebook
ipython==8.23.0
    # via ipykernel
ipython-genutils==0.2.0
    # via nbclassic
    # via notebook
isoduration==20.11.0
    # via jsonschema
isort==5.13.2
jedi==0.19.1
    # via ipython
jinja2==3.1.3
    # via altair
    # via jupyter-server
    # via mkdocs
    # via mkdocs-material
    # via nbclassic
    # via nbconvert
    # via notebook
    # via pydeck
jiter==0.5.0
    # via anthropic
jsonpatch==1.33
    # via langchain-core
jsonpointer==2.4
    # via jsonpatch
    # via jsonschema
jsonschema==4.21.1
    # via altair
    # via jupyter-events
    # via nbformat
jsonschema-specifications==2023.12.1
    # via jsonschema
jupyter-client==7.4.9
    # via ipykernel
    # via jupyter-kernel-gateway
    # via jupyter-server
    # via nbclassic
    # via nbclient
    # via notebook
jupyter-core==5.7.2
    # via ipykernel
    # via jupyter-client
    # via jupyter-kernel-gateway
    # via jupyter-server
    # via nbclassic
    # via nbclient
    # via nbconvert
    # via nbformat
    # via notebook
jupyter-events==0.10.0
    # via jupyter-server
jupyter-kernel-gateway==2.5.2
    # via codeboxapi
jupyter-server==2.13.0
    # via nbclassic
    # via notebook-shim
jupyter-server-terminals==0.5.3
    # via jupyter-server
jupyterlab-pygments==0.3.0
    # via nbconvert
langchain==0.3.0
    # via codeinterpreterapi
    # via langchain-community
langchain-anthropic==0.2.1
    # via codeinterpreterapi
langchain-cli==0.0.31
    # via codeinterpreterapi
langchain-community==0.3.0
    # via codeinterpreterapi
    # via langchain-experimental
langchain-core==0.3.5
    # via codeinterpreterapi
    # via langchain
    # via langchain-anthropic
    # via langchain-community
    # via langchain-experimental
    # via langchain-google-genai
    # via langchain-text-splitters
    # via langserve
langchain-experimental==0.3.0
    # via codeinterpreterapi
langchain-google-genai==2.0.0
    # via codeinterpreterapi
langchain-text-splitters==0.3.0
    # via langchain
langserve==0.3.0
    # via langchain-cli
langsmith==0.1.125
    # via langchain
    # via langchain-community
    # via langchain-core
markdown==3.6
    # via mkdocs
    # via mkdocs-material
    # via pymdown-extensions
markdown-it-py==3.0.0
    # via rich
markupsafe==2.1.5
    # via jinja2
    # via mkdocs
    # via nbconvert
marshmallow==3.21.1
    # via dataclasses-json
matplotlib-inline==0.1.6
    # via ipykernel
    # via ipython
mdurl==0.1.2
    # via markdown-it-py
mergedeep==1.3.4
    # via mkdocs
mistune==3.0.2
    # via nbconvert
mkdocs==1.5.3
    # via mkdocs-material
mkdocs-material==9.5.17
mkdocs-material-extensions==1.3.1
    # via mkdocs-material
multidict==6.0.5
    # via aiohttp
    # via yarl
mypy==1.9.0
mypy-extensions==1.0.0
    # via mypy
    # via typing-inspect
nbclassic==1.0.0
    # via notebook
nbclient==0.10.0
    # via nbconvert
nbconvert==7.16.3
    # via jupyter-server
    # via nbclassic
    # via notebook
nbformat==5.10.4
    # via jupyter-server
    # via nbclassic
    # via nbclient
    # via nbconvert
    # via notebook
nest-asyncio==1.6.0
    # via ipykernel
    # via jupyter-client
    # via nbclassic
    # via notebook
nodeenv==1.8.0
    # via pre-commit
notebook==6.5.4
    # via jupyter-kernel-gateway
notebook-shim==0.2.4
    # via nbclassic
numpy==1.26.4
    # via altair
    # via langchain
    # via langchain-community
    # via pandas
    # via pyarrow
    # via pydeck
    # via streamlit
orjson==3.10.0
    # via langserve
    # via langsmith
overrides==7.7.0
    # via jupyter-server
packaging==23.2
    # via altair
    # via huggingface-hub
    # via ipykernel
    # via jupyter-server
    # via langchain-core
    # via marshmallow
    # via mkdocs
    # via nbconvert
    # via pytest
    # via streamlit
paginate==0.5.6
    # via mkdocs-material
pandas==2.2.1
    # via altair
    # via streamlit
pandocfilters==1.5.1
    # via nbconvert
parso==0.8.4
    # via jedi
pathspec==0.12.1
    # via mkdocs
pexpect==4.9.0
    # via ipython
pillow==10.3.0
    # via codeboxapi
    # via streamlit
platformdirs==4.2.0
    # via jupyter-core
    # via mkdocs
    # via virtualenv
pluggy==1.4.0
    # via pytest
pre-commit==3.7.0
prometheus-client==0.20.0
    # via jupyter-server
    # via nbclassic
    # via notebook
prompt-toolkit==3.0.43
    # via ipython
proto-plus==1.24.0
    # via google-ai-generativelanguage
    # via google-api-core
protobuf==4.25.3
    # via google-ai-generativelanguage
    # via google-api-core
    # via google-generativeai
    # via googleapis-common-protos
    # via grpcio-status
    # via proto-plus
    # via streamlit
psutil==5.9.8
    # via ipykernel
ptyprocess==0.7.0
    # via pexpect
    # via terminado
pure-eval==0.2.2
    # via stack-data
pyarrow==15.0.2
    # via streamlit
pyasn1==0.6.1
    # via pyasn1-modules
    # via rsa
pyasn1-modules==0.4.1
    # via google-auth
pycparser==2.22
    # via cffi
pydantic==2.9.2
    # via anthropic
    # via codeboxapi
    # via fastapi
    # via google-generativeai
    # via langchain
    # via langchain-anthropic
    # via langchain-core
    # via langchain-google-genai
    # via langserve
    # via langsmith
    # via pydantic-settings
pydantic-core==2.23.4
    # via pydantic
pydantic-settings==2.5.2
    # via codeboxapi
    # via langchain-community
pydeck==0.8.0
    # via streamlit
pygments==2.17.2
    # via ipython
    # via mkdocs-material
    # via nbconvert
    # via rich
pymdown-extensions==10.7.1
    # via mkdocs-material
pyparsing==3.1.4
    # via httplib2
pytest==8.1.1
python-dateutil==2.9.0.post0
    # via arrow
    # via ghp-import
    # via jupyter-client
    # via pandas
python-dotenv==1.0.1
    # via pydantic-settings
python-json-logger==2.0.7
    # via jupyter-events
pytz==2024.1
    # via pandas
pyyaml==6.0.1
    # via huggingface-hub
    # via jupyter-events
    # via langchain
    # via langchain-community
    # via langchain-core
    # via mkdocs
    # via pre-commit
    # via pymdown-extensions
    # via pyyaml-env-tag
pyyaml-env-tag==0.1
    # via mkdocs
pyzmq==25.1.2
    # via codeinterpreterapi
    # via ipykernel
    # via jupyter-client
    # via jupyter-server
    # via nbclassic
    # via notebook
referencing==0.34.0
    # via jsonschema
    # via jsonschema-specifications
    # via jupyter-events
regex==2023.12.25
    # via mkdocs-material
requests==2.31.0
    # via codeboxapi
    # via google-api-core
    # via huggingface-hub
    # via jupyter-kernel-gateway
    # via langchain
    # via langchain-community
    # via langsmith
    # via mkdocs-material
    # via streamlit
rfc3339-validator==0.1.4
    # via jsonschema
    # via jupyter-events
rfc3986-validator==0.1.1
    # via jsonschema
    # via jupyter-events
rich==13.7.1
    # via streamlit
    # via typer
rpds-py==0.18.0
    # via jsonschema
    # via referencing
rsa==4.9
    # via google-auth
ruff==0.3.5
send2trash==1.8.3
    # via jupyter-server
    # via nbclassic
    # via notebook
setuptools==69.2.0
    # via nodeenv
shellingham==1.5.4
    # via typer
six==1.16.0
    # via asttokens
    # via bleach
    # via python-dateutil
    # via rfc3339-validator
smmap==5.0.1
    # via gitdb
sniffio==1.3.1
    # via anthropic
    # via anyio
    # via httpx
soupsieve==2.5
    # via beautifulsoup4
sqlalchemy==2.0.29
    # via langchain
    # via langchain-community
sse-starlette==1.8.2
    # via langserve
stack-data==0.6.3
    # via ipython
starlette==0.38.5
    # via fastapi
    # via sse-starlette
streamlit==1.33.0
    # via codeinterpreterapi
tenacity==8.2.3
    # via langchain
    # via langchain-community
    # via langchain-core
    # via streamlit
terminado==0.18.1
    # via jupyter-server
    # via jupyter-server-terminals
    # via nbclassic
    # via notebook
tinycss2==1.2.1
    # via nbconvert
tokenizers==0.20.0
    # via anthropic
toml==0.10.2
    # via streamlit
tomlkit==0.12.5
    # via langchain-cli
toolz==0.12.1
    # via altair
tornado==6.4
    # via ipykernel
    # via jupyter-client
    # via jupyter-kernel-gateway
    # via jupyter-server
    # via nbclassic
    # via notebook
    # via streamlit
    # via terminado
tqdm==4.66.2
    # via google-generativeai
    # via huggingface-hub
traitlets==5.14.2
    # via comm
    # via ipykernel
    # via ipython
    # via jupyter-client
    # via jupyter-core
    # via jupyter-events
    # via jupyter-kernel-gateway
    # via jupyter-server
    # via matplotlib-inline
    # via nbclassic
    # via nbclient
    # via nbconvert
    # via nbformat
    # via notebook
typer==0.9.4
    # via langchain-cli
types-python-dateutil==2.9.0.20240316
    # via arrow
typing-extensions==4.11.0
    # via anthropic
    # via fastapi
    # via google-generativeai
    # via huggingface-hub
    # via ipython
    # via langchain-core
    # via mypy
    # via pydantic
    # via pydantic-core
    # via sqlalchemy
    # via streamlit
    # via typer
    # via typing-inspect
typing-inspect==0.9.0
    # via dataclasses-json
tzdata==2024.1
    # via pandas
uri-template==1.3.0
    # via jsonschema
uritemplate==4.1.1
    # via google-api-python-client
urllib3==2.2.1
    # via requests
uvicorn==0.23.2
    # via langchain-cli
    # via sse-starlette
virtualenv==20.25.1
    # via pre-commit
watchdog==4.0.0
    # via mkdocs
    # via streamlit
wcwidth==0.2.13
    # via prompt-toolkit
webcolors==1.13
    # via jsonschema
webencodings==0.5.1
    # via bleach
    # via tinycss2
websocket-client==1.7.0
    # via jupyter-server
websockets==12.0
    # via codeboxapi
yarl==1.9.4
    # via aiohttp
